{
    "_meta": {
        "hash": {
            "sha256": "e1a3eb45b047a107ff402a500686c2e4d596a17b115ab3863814c16eb9421ae1"
        },
        "pipfile-spec": 6,
        "requires": {
            "python_version": "2.7"
        },
        "sources": [
            {
                "name": "pypi",
                "url": "https://pypi.python.org/simple",
                "verify_ssl": true
            }
        ]
    },
    "default": {
        "pywifi": {
            "hashes": [
                "sha256:6da15de5d573635a461a95919920788b6f61748e1bd93a5e3504f456cf2e8bcc",
                "sha256:d1b79d9ff054eef1aca4ab97f2641650d001d6740bfa7666a7d9506bcfb8459b"
            ],
            "index": "pypi",
            "version": "==1.1.12"
        }
    },
    "develop": {}
}
